
Microsoft Visual Studio Solution File, Format Version 12.00
# Visual Studio Version 17
VisualStudioVersion = 17.11.35208.52
MinimumVisualStudioVersion = 10.0.40219.1
Project("{FAE04EC0-301F-11D3-BF4B-00C04F79EFBC}") = "QxtLesson100", "QxtLesson100.csproj", "{A0AC134D-E864-411F-96A2-D2E271366FCC}"
EndProject
Global
	GlobalSection(SolutionConfigurationPlatforms) = preSolution
		Debug|Any CPU = Debug|Any CPU
		Release|Any CPU = Release|Any CPU
	EndGlobalSection
	GlobalSection(ProjectConfigurationPlatforms) = postSolution
		{A0AC134D-E864-411F-96A2-D2E271366FCC}.Debug|Any CPU.ActiveCfg = Debug|Any CPU
		{A0AC134D-E864-411F-96A2-D2E271366FCC}.Debug|Any CPU.Build.0 = Debug|Any CPU
		{A0AC134D-E864-411F-96A2-D2E271366FCC}.Release|Any CPU.ActiveCfg = Release|Any CPU
		{A0AC134D-E864-411F-96A2-D2E271366FCC}.Release|Any CPU.Build.0 = Release|Any CPU
	EndGlobalSection
	GlobalSection(SolutionProperties) = preSolution
		HideSolutionNode = FALSE
	EndGlobalSection
	GlobalSection(ExtensibilityGlobals) = postSolution
		SolutionGuid = {B2ACE903-39E1-4DA1-9984-8EFA349A78E0}
	EndGlobalSection
EndGlobal
