
Microsoft Visual Studio Solution File, Format Version 12.00
# Visual Studio Version 17
VisualStudioVersion = 17.11.35208.52
MinimumVisualStudioVersion = 10.0.40219.1
Project("{FAE04EC0-301F-11D3-BF4B-00C04F79EFBC}") = "QxtLesson07", "QxtLesson07.csproj", "{512245A7-6DFA-4077-B2B7-543CD3E420F5}"
EndProject
Global
	GlobalSection(SolutionConfigurationPlatforms) = preSolution
		Debug|Any CPU = Debug|Any CPU
		Release|Any CPU = Release|Any CPU
	EndGlobalSection
	GlobalSection(ProjectConfigurationPlatforms) = postSolution
		{512245A7-6DFA-4077-B2B7-543CD3E420F5}.Debug|Any CPU.ActiveCfg = Debug|Any CPU
		{512245A7-6DFA-4077-B2B7-543CD3E420F5}.Debug|Any CPU.Build.0 = Debug|Any CPU
		{512245A7-6DFA-4077-B2B7-543CD3E420F5}.Release|Any CPU.ActiveCfg = Release|Any CPU
		{512245A7-6DFA-4077-B2B7-543CD3E420F5}.Release|Any CPU.Build.0 = Release|Any CPU
	EndGlobalSection
	GlobalSection(SolutionProperties) = preSolution
		HideSolutionNode = FALSE
	EndGlobalSection
	GlobalSection(ExtensibilityGlobals) = postSolution
		SolutionGuid = {B02B790B-954B-433F-90A7-85FF10A22B58}
	EndGlobalSection
EndGlobal
