
Microsoft Visual Studio Solution File, Format Version 12.00
# Visual Studio Version 17
VisualStudioVersion = 17.11.35208.52
MinimumVisualStudioVersion = 10.0.40219.1
Project("{FAE04EC0-301F-11D3-BF4B-00C04F79EFBC}") = "WebApplication1", "WebApplication1.csproj", "{C7DA087B-7AB6-450D-96C4-10471B27078E}"
EndProject
Global
	GlobalSection(SolutionConfigurationPlatforms) = preSolution
		Debug|Any CPU = Debug|Any CPU
		Release|Any CPU = Release|Any CPU
	EndGlobalSection
	GlobalSection(ProjectConfigurationPlatforms) = postSolution
		{C7DA087B-7AB6-450D-96C4-10471B27078E}.Debug|Any CPU.ActiveCfg = Debug|Any CPU
		{C7DA087B-7AB6-450D-96C4-10471B27078E}.Debug|Any CPU.Build.0 = Debug|Any CPU
		{C7DA087B-7AB6-450D-96C4-10471B27078E}.Release|Any CPU.ActiveCfg = Release|Any CPU
		{C7DA087B-7AB6-450D-96C4-10471B27078E}.Release|Any CPU.Build.0 = Release|Any CPU
	EndGlobalSection
	GlobalSection(SolutionProperties) = preSolution
		HideSolutionNode = FALSE
	EndGlobalSection
	GlobalSection(ExtensibilityGlobals) = postSolution
		SolutionGuid = {CD08F002-B2D2-4271-BBED-C523A6208DE6}
	EndGlobalSection
EndGlobal
