
Microsoft Visual Studio Solution File, Format Version 12.00
# Visual Studio Version 17
VisualStudioVersion = 17.11.35208.52
MinimumVisualStudioVersion = 10.0.40219.1
Project("{FAE04EC0-301F-11D3-BF4B-00C04F79EFBC}") = "lesson01", "lesson01\lesson01.csproj", "{6984F55F-9BB5-44B0-82F5-231BFDE121FF}"
EndProject
Global
	GlobalSection(SolutionConfigurationPlatforms) = preSolution
		Debug|Any CPU = Debug|Any CPU
		Release|Any CPU = Release|Any CPU
	EndGlobalSection
	GlobalSection(ProjectConfigurationPlatforms) = postSolution
		{6984F55F-9BB5-44B0-82F5-231BFDE121FF}.Debug|Any CPU.ActiveCfg = Debug|Any CPU
		{6984F55F-9BB5-44B0-82F5-231BFDE121FF}.Debug|Any CPU.Build.0 = Debug|Any CPU
		{6984F55F-9BB5-44B0-82F5-231BFDE121FF}.Release|Any CPU.ActiveCfg = Release|Any CPU
		{6984F55F-9BB5-44B0-82F5-231BFDE121FF}.Release|Any CPU.Build.0 = Release|Any CPU
	EndGlobalSection
	GlobalSection(SolutionProperties) = preSolution
		HideSolutionNode = FALSE
	EndGlobalSection
	GlobalSection(ExtensibilityGlobals) = postSolution
		SolutionGuid = {7B61C1EF-DC0B-43A7-86D5-C3EE78607912}
	EndGlobalSection
EndGlobal
