
Microsoft Visual Studio Solution File, Format Version 12.00
# Visual Studio Version 17
VisualStudioVersion = 17.11.35208.52
MinimumVisualStudioVersion = 10.0.40219.1
Project("{FAE04EC0-301F-11D3-BF4B-00C04F79EFBC}") = "WebApplication2", "WebApplication2.csproj", "{5CFC01A7-9E33-41F0-B13E-5EF938D70E4D}"
EndProject
Global
	GlobalSection(SolutionConfigurationPlatforms) = preSolution
		Debug|Any CPU = Debug|Any CPU
		Release|Any CPU = Release|Any CPU
	EndGlobalSection
	GlobalSection(ProjectConfigurationPlatforms) = postSolution
		{5CFC01A7-9E33-41F0-B13E-5EF938D70E4D}.Debug|Any CPU.ActiveCfg = Debug|Any CPU
		{5CFC01A7-9E33-41F0-B13E-5EF938D70E4D}.Debug|Any CPU.Build.0 = Debug|Any CPU
		{5CFC01A7-9E33-41F0-B13E-5EF938D70E4D}.Release|Any CPU.ActiveCfg = Release|Any CPU
		{5CFC01A7-9E33-41F0-B13E-5EF938D70E4D}.Release|Any CPU.Build.0 = Release|Any CPU
	EndGlobalSection
	GlobalSection(SolutionProperties) = preSolution
		HideSolutionNode = FALSE
	EndGlobalSection
	GlobalSection(ExtensibilityGlobals) = postSolution
		SolutionGuid = {38E1734D-CCF3-4528-9596-2FD088B9EF51}
	EndGlobalSection
EndGlobal
