
Microsoft Visual Studio Solution File, Format Version 12.00
# Visual Studio Version 17
VisualStudioVersion = 17.11.35208.52
MinimumVisualStudioVersion = 10.0.40219.1
Project("{FAE04EC0-301F-11D3-BF4B-00C04F79EFBC}") = "ShopPhuKien", "ShopPhuKien.csproj", "{01764BCC-560C-41F7-91D6-43867111DAF1}"
EndProject
Global
	GlobalSection(SolutionConfigurationPlatforms) = preSolution
		Debug|Any CPU = Debug|Any CPU
		Release|Any CPU = Release|Any CPU
	EndGlobalSection
	GlobalSection(ProjectConfigurationPlatforms) = postSolution
		{01764BCC-560C-41F7-91D6-43867111DAF1}.Debug|Any CPU.ActiveCfg = Debug|Any CPU
		{01764BCC-560C-41F7-91D6-43867111DAF1}.Debug|Any CPU.Build.0 = Debug|Any CPU
		{01764BCC-560C-41F7-91D6-43867111DAF1}.Release|Any CPU.ActiveCfg = Release|Any CPU
		{01764BCC-560C-41F7-91D6-43867111DAF1}.Release|Any CPU.Build.0 = Release|Any CPU
	EndGlobalSection
	GlobalSection(SolutionProperties) = preSolution
		HideSolutionNode = FALSE
	EndGlobalSection
	GlobalSection(ExtensibilityGlobals) = postSolution
		SolutionGuid = {D4D0687B-F5AC-4A3F-9ECD-85C1365E11DD}
	EndGlobalSection
EndGlobal
