
Microsoft Visual Studio Solution File, Format Version 12.00
# Visual Studio Version 17
VisualStudioVersion = 17.11.35208.52
MinimumVisualStudioVersion = 10.0.40219.1
Project("{FAE04EC0-301F-11D3-BF4B-00C04F79EFBC}") = "WebBanHangOnline", "WebBanHangOnline.csproj", "{20334B63-EE34-47AD-B0DD-2BDBFBF05BB3}"
EndProject
Global
	GlobalSection(SolutionConfigurationPlatforms) = preSolution
		Debug|Any CPU = Debug|Any CPU
		Release|Any CPU = Release|Any CPU
	EndGlobalSection
	GlobalSection(ProjectConfigurationPlatforms) = postSolution
		{20334B63-EE34-47AD-B0DD-2BDBFBF05BB3}.Debug|Any CPU.ActiveCfg = Debug|Any CPU
		{20334B63-EE34-47AD-B0DD-2BDBFBF05BB3}.Debug|Any CPU.Build.0 = Debug|Any CPU
		{20334B63-EE34-47AD-B0DD-2BDBFBF05BB3}.Release|Any CPU.ActiveCfg = Release|Any CPU
		{20334B63-EE34-47AD-B0DD-2BDBFBF05BB3}.Release|Any CPU.Build.0 = Release|Any CPU
	EndGlobalSection
	GlobalSection(SolutionProperties) = preSolution
		HideSolutionNode = FALSE
	EndGlobalSection
	GlobalSection(ExtensibilityGlobals) = postSolution
		SolutionGuid = {1C7957BA-891C-4531-8D0D-84E20C53B4B2}
	EndGlobalSection
EndGlobal
